
Microsoft Visual Studio Solution File, Format Version 12.00
# Visual Studio Version 17
VisualStudioVersion = 17.7.34003.232
MinimumVisualStudioVersion = 10.0.40219.1
Project("{9A19103F-16F7-4668-BE54-9A1E7A4F7556}") = "EsoDailyDungeons", "EsoDailyDungeons\EsoDailyDungeons.csproj", "{65289339-9248-4028-AD19-E1C5EBDD6757}"
EndProject
Project("{9A19103F-16F7-4668-BE54-9A1E7A4F7556}") = "EsoDailyDungeons.EntityFramework", "EsoDailyDungeons.EntityFramework\EsoDailyDungeons.EntityFramework.csproj", "{52333A2A-AE35-4C0D-8C2C-09EF43AF5F46}"
EndProject
Project("{FAE04EC0-301F-11D3-BF4B-00C04F79EFBC}") = "EsoDailyDungeons.Core", "EsoDailyDungeons.Core\EsoDailyDungeons.Core.csproj", "{EAE62C59-714E-47BC-B979-905467B04592}"
EndProject
Global
	GlobalSection(SolutionConfigurationPlatforms) = preSolution
		Debug|Any CPU = Debug|Any CPU
		Release|Any CPU = Release|Any CPU
	EndGlobalSection
	GlobalSection(ProjectConfigurationPlatforms) = postSolution
		{65289339-9248-4028-AD19-E1C5EBDD6757}.Debug|Any CPU.ActiveCfg = Debug|Any CPU
		{65289339-9248-4028-AD19-E1C5EBDD6757}.Debug|Any CPU.Build.0 = Debug|Any CPU
		{65289339-9248-4028-AD19-E1C5EBDD6757}.Release|Any CPU.ActiveCfg = Release|Any CPU
		{65289339-9248-4028-AD19-E1C5EBDD6757}.Release|Any CPU.Build.0 = Release|Any CPU
		{52333A2A-AE35-4C0D-8C2C-09EF43AF5F46}.Debug|Any CPU.ActiveCfg = Debug|Any CPU
		{52333A2A-AE35-4C0D-8C2C-09EF43AF5F46}.Debug|Any CPU.Build.0 = Debug|Any CPU
		{52333A2A-AE35-4C0D-8C2C-09EF43AF5F46}.Release|Any CPU.ActiveCfg = Release|Any CPU
		{52333A2A-AE35-4C0D-8C2C-09EF43AF5F46}.Release|Any CPU.Build.0 = Release|Any CPU
		{EAE62C59-714E-47BC-B979-905467B04592}.Debug|Any CPU.ActiveCfg = Debug|Any CPU
		{EAE62C59-714E-47BC-B979-905467B04592}.Debug|Any CPU.Build.0 = Debug|Any CPU
		{EAE62C59-714E-47BC-B979-905467B04592}.Release|Any CPU.ActiveCfg = Release|Any CPU
		{EAE62C59-714E-47BC-B979-905467B04592}.Release|Any CPU.Build.0 = Release|Any CPU
	EndGlobalSection
	GlobalSection(SolutionProperties) = preSolution
		HideSolutionNode = FALSE
	EndGlobalSection
	GlobalSection(ExtensibilityGlobals) = postSolution
		SolutionGuid = {39A62B9C-594F-43D0-93A0-626D58BE91AD}
	EndGlobalSection
EndGlobal
